
Microsoft Visual Studio Solution File, Format Version 12.00
# Visual Studio 15
VisualStudioVersion = 15.0.28203.51
MinimumVisualStudioVersion = 10.0.40219.1
Project("{9A19103F-16F7-4668-BE54-9A1E7A4F7556}") = "Concepts.Core", "Concepts.Core.csproj", "{45D5C24D-6D89-4B1A-9A91-D17F11192983}"
EndProject
Project("{C7167F0D-BC9F-4E6E-AFE1-012C56B48DB5}") = "Concepts.Core.Publish", "..\Concepts.Core.Publish\Concepts.Core.Publish.wapproj", "{1ECD5960-F51F-4687-AEEB-3C86A7A89600}"
EndProject
Global
	GlobalSection(SolutionConfigurationPlatforms) = preSolution
		Debug|Any CPU = Debug|Any CPU
		Debug|x64 = Debug|x64
		Debug|x86 = Debug|x86
		Release|Any CPU = Release|Any CPU
		Release|x64 = Release|x64
		Release|x86 = Release|x86
	EndGlobalSection
	GlobalSection(ProjectConfigurationPlatforms) = postSolution
		{45D5C24D-6D89-4B1A-9A91-D17F11192983}.Debug|Any CPU.ActiveCfg = Debug|Any CPU
		{45D5C24D-6D89-4B1A-9A91-D17F11192983}.Debug|Any CPU.Build.0 = Debug|Any CPU
		{45D5C24D-6D89-4B1A-9A91-D17F11192983}.Debug|x64.ActiveCfg = Debug|Any CPU
		{45D5C24D-6D89-4B1A-9A91-D17F11192983}.Debug|x64.Build.0 = Debug|Any CPU
		{45D5C24D-6D89-4B1A-9A91-D17F11192983}.Debug|x86.ActiveCfg = Debug|Any CPU
		{45D5C24D-6D89-4B1A-9A91-D17F11192983}.Debug|x86.Build.0 = Debug|Any CPU
		{45D5C24D-6D89-4B1A-9A91-D17F11192983}.Release|Any CPU.ActiveCfg = Release|Any CPU
		{45D5C24D-6D89-4B1A-9A91-D17F11192983}.Release|Any CPU.Build.0 = Release|Any CPU
		{45D5C24D-6D89-4B1A-9A91-D17F11192983}.Release|x64.ActiveCfg = Release|Any CPU
		{45D5C24D-6D89-4B1A-9A91-D17F11192983}.Release|x64.Build.0 = Release|Any CPU
		{45D5C24D-6D89-4B1A-9A91-D17F11192983}.Release|x86.ActiveCfg = Release|Any CPU
		{45D5C24D-6D89-4B1A-9A91-D17F11192983}.Release|x86.Build.0 = Release|Any CPU
		{1ECD5960-F51F-4687-AEEB-3C86A7A89600}.Debug|Any CPU.ActiveCfg = Debug|Any CPU
		{1ECD5960-F51F-4687-AEEB-3C86A7A89600}.Debug|Any CPU.Build.0 = Debug|Any CPU
		{1ECD5960-F51F-4687-AEEB-3C86A7A89600}.Debug|Any CPU.Deploy.0 = Debug|Any CPU
		{1ECD5960-F51F-4687-AEEB-3C86A7A89600}.Debug|x64.ActiveCfg = Debug|x64
		{1ECD5960-F51F-4687-AEEB-3C86A7A89600}.Debug|x64.Build.0 = Debug|x64
		{1ECD5960-F51F-4687-AEEB-3C86A7A89600}.Debug|x64.Deploy.0 = Debug|x64
		{1ECD5960-F51F-4687-AEEB-3C86A7A89600}.Debug|x86.ActiveCfg = Debug|x86
		{1ECD5960-F51F-4687-AEEB-3C86A7A89600}.Debug|x86.Build.0 = Debug|x86
		{1ECD5960-F51F-4687-AEEB-3C86A7A89600}.Debug|x86.Deploy.0 = Debug|x86
		{1ECD5960-F51F-4687-AEEB-3C86A7A89600}.Release|Any CPU.ActiveCfg = Release|Any CPU
		{1ECD5960-F51F-4687-AEEB-3C86A7A89600}.Release|Any CPU.Build.0 = Release|Any CPU
		{1ECD5960-F51F-4687-AEEB-3C86A7A89600}.Release|Any CPU.Deploy.0 = Release|Any CPU
		{1ECD5960-F51F-4687-AEEB-3C86A7A89600}.Release|x64.ActiveCfg = Release|x64
		{1ECD5960-F51F-4687-AEEB-3C86A7A89600}.Release|x64.Build.0 = Release|x64
		{1ECD5960-F51F-4687-AEEB-3C86A7A89600}.Release|x64.Deploy.0 = Release|x64
		{1ECD5960-F51F-4687-AEEB-3C86A7A89600}.Release|x86.ActiveCfg = Release|x86
		{1ECD5960-F51F-4687-AEEB-3C86A7A89600}.Release|x86.Build.0 = Release|x86
		{1ECD5960-F51F-4687-AEEB-3C86A7A89600}.Release|x86.Deploy.0 = Release|x86
	EndGlobalSection
	GlobalSection(SolutionProperties) = preSolution
		HideSolutionNode = FALSE
	EndGlobalSection
EndGlobal
